
Microsoft Visual Studio Solution File, Format Version 12.00
# Visual Studio 15
Project("{FAE04EC0-301F-11D3-BF4B-00C04F79EFBC}") = "VRAmusementPark", "VRAmusementPark.csproj", "{1D861982-5A13-BE11-0EE7-E6AD7C98BE6E}"
EndProject
Project("{FAE04EC0-301F-11D3-BF4B-00C04F79EFBC}") = "VRAmusementPark.Editor", "VRAmusementPark.Editor.csproj", "{D0D8076B-5BBA-913F-4C14-4C68A65A3505}"
EndProject
Global
	GlobalSection(SolutionConfigurationPlatforms) = preSolution
		Debug|Any CPU = Debug|Any CPU
		Release|Any CPU = Release|Any CPU
	EndGlobalSection
	GlobalSection(ProjectConfigurationPlatforms) = postSolution
		{1D861982-5A13-BE11-0EE7-E6AD7C98BE6E}.Debug|Any CPU.ActiveCfg = Debug|Any CPU
		{1D861982-5A13-BE11-0EE7-E6AD7C98BE6E}.Debug|Any CPU.Build.0 = Debug|Any CPU
		{1D861982-5A13-BE11-0EE7-E6AD7C98BE6E}.Release|Any CPU.ActiveCfg = Release|Any CPU
		{1D861982-5A13-BE11-0EE7-E6AD7C98BE6E}.Release|Any CPU.Build.0 = Release|Any CPU
		{D0D8076B-5BBA-913F-4C14-4C68A65A3505}.Debug|Any CPU.ActiveCfg = Debug|Any CPU
		{D0D8076B-5BBA-913F-4C14-4C68A65A3505}.Debug|Any CPU.Build.0 = Debug|Any CPU
		{D0D8076B-5BBA-913F-4C14-4C68A65A3505}.Release|Any CPU.ActiveCfg = Release|Any CPU
		{D0D8076B-5BBA-913F-4C14-4C68A65A3505}.Release|Any CPU.Build.0 = Release|Any CPU
	EndGlobalSection
	GlobalSection(SolutionProperties) = preSolution
		HideSolutionNode = FALSE
	EndGlobalSection
EndGlobal
